
Microsoft Visual Studio Solution File, Format Version 12.00
# Visual Studio Version 16
VisualStudioVersion = 16.0.31410.357
MinimumVisualStudioVersion = 10.0.40219.1
Project("{FAE04EC0-301F-11D3-BF4B-00C04F79EFBC}") = "Lecture4_700", "Lecture4_700\Lecture4_700.csproj", "{369F5B9D-D272-4F56-B9F8-D153D136B3DC}"
EndProject
Global
	GlobalSection(SolutionConfigurationPlatforms) = preSolution
		Debug|Any CPU = Debug|Any CPU
		Release|Any CPU = Release|Any CPU
	EndGlobalSection
	GlobalSection(ProjectConfigurationPlatforms) = postSolution
		{369F5B9D-D272-4F56-B9F8-D153D136B3DC}.Debug|Any CPU.ActiveCfg = Debug|Any CPU
		{369F5B9D-D272-4F56-B9F8-D153D136B3DC}.Debug|Any CPU.Build.0 = Debug|Any CPU
		{369F5B9D-D272-4F56-B9F8-D153D136B3DC}.Release|Any CPU.ActiveCfg = Release|Any CPU
		{369F5B9D-D272-4F56-B9F8-D153D136B3DC}.Release|Any CPU.Build.0 = Release|Any CPU
	EndGlobalSection
	GlobalSection(SolutionProperties) = preSolution
		HideSolutionNode = FALSE
	EndGlobalSection
	GlobalSection(ExtensibilityGlobals) = postSolution
		SolutionGuid = {99B351FA-E342-40D5-BEFA-EFFF6FAB1A82}
	EndGlobalSection
EndGlobal
