
Microsoft Visual Studio Solution File, Format Version 12.00
# Visual Studio Version 16
VisualStudioVersion = 16.0.31410.357
MinimumVisualStudioVersion = 10.0.40219.1
Project("{FAE04EC0-301F-11D3-BF4B-00C04F79EFBC}") = "Lecture10_Lab_700", "Lecture10_Lab_700\Lecture10_Lab_700.csproj", "{5DAE6A5B-CD7A-4D84-ABB5-3128615A81FE}"
EndProject
Global
	GlobalSection(SolutionConfigurationPlatforms) = preSolution
		Debug|Any CPU = Debug|Any CPU
		Release|Any CPU = Release|Any CPU
	EndGlobalSection
	GlobalSection(ProjectConfigurationPlatforms) = postSolution
		{5DAE6A5B-CD7A-4D84-ABB5-3128615A81FE}.Debug|Any CPU.ActiveCfg = Debug|Any CPU
		{5DAE6A5B-CD7A-4D84-ABB5-3128615A81FE}.Debug|Any CPU.Build.0 = Debug|Any CPU
		{5DAE6A5B-CD7A-4D84-ABB5-3128615A81FE}.Release|Any CPU.ActiveCfg = Release|Any CPU
		{5DAE6A5B-CD7A-4D84-ABB5-3128615A81FE}.Release|Any CPU.Build.0 = Release|Any CPU
	EndGlobalSection
	GlobalSection(SolutionProperties) = preSolution
		HideSolutionNode = FALSE
	EndGlobalSection
	GlobalSection(ExtensibilityGlobals) = postSolution
		SolutionGuid = {9DF42B64-4081-4AA4-82AB-69720633E302}
	EndGlobalSection
EndGlobal
